{
  "requires": true,
  "lockfileVersion": 1,
  "dependencies": {
    "validatorjs": {
      "version": "3.21.0",
      "resolved": "https://registry.npmjs.org/validatorjs/-/validatorjs-3.21.0.tgz",
      "integrity": "sha512-YguPf+VDg6bk29cotMDqz/wuBqpgUnOUdbW6B4wHTX10Tz/Jmcz0PF7PdjjXG3XSrWwSr0+OX7Dg2+Lsv5zAZQ=="
    }
  }
}
